
Microsoft Visual Studio Solution File, Format Version 12.00
# Visual Studio Version 17
VisualStudioVersion = 17.5.002.0
MinimumVisualStudioVersion = 10.0.40219.1
Project("{9A19103F-16F7-4668-BE54-9A1E7A4F7556}") = "DotNetMVC_Task", "DotNetMVC_Task.csproj", "{0D980D01-F3D3-4919-B71A-BD342F005EA4}"
EndProject
Global
	GlobalSection(SolutionConfigurationPlatforms) = preSolution
		Debug|Any CPU = Debug|Any CPU
		Release|Any CPU = Release|Any CPU
	EndGlobalSection
	GlobalSection(ProjectConfigurationPlatforms) = postSolution
		{0D980D01-F3D3-4919-B71A-BD342F005EA4}.Debug|Any CPU.ActiveCfg = Debug|Any CPU
		{0D980D01-F3D3-4919-B71A-BD342F005EA4}.Debug|Any CPU.Build.0 = Debug|Any CPU
		{0D980D01-F3D3-4919-B71A-BD342F005EA4}.Release|Any CPU.ActiveCfg = Release|Any CPU
		{0D980D01-F3D3-4919-B71A-BD342F005EA4}.Release|Any CPU.Build.0 = Release|Any CPU
	EndGlobalSection
	GlobalSection(SolutionProperties) = preSolution
		HideSolutionNode = FALSE
	EndGlobalSection
	GlobalSection(ExtensibilityGlobals) = postSolution
		SolutionGuid = {0BFE954E-C3DF-475E-BA83-CEC701EECA34}
	EndGlobalSection
EndGlobal
